
Microsoft Visual Studio Solution File, Format Version 12.00
# Visual Studio Version 17
VisualStudioVersion = 17.8.34112.27
MinimumVisualStudioVersion = 10.0.40219.1
Project("{9A19103F-16F7-4668-BE54-9A1E7A4F7556}") = "GremlinStudio", "GremlinStudio\GremlinStudio.csproj", "{2A04A1D5-1CB7-4A3B-B381-E5E0E7E01A83}"
EndProject
Project("{9A19103F-16F7-4668-BE54-9A1E7A4F7556}") = "Graphyte", "Graphyte\Graphyte.csproj", "{3B80AD76-F26C-46EE-83A2-27CB743C9940}"
EndProject
Project("{9A19103F-16F7-4668-BE54-9A1E7A4F7556}") = "Wpf.Notification", "Wpf.Toaster\Wpf.Notification.csproj", "{E91234C3-16CB-4D63-99FD-B82B78ACEE93}"
EndProject
Project("{9A19103F-16F7-4668-BE54-9A1E7A4F7556}") = "GremlinHelper", "GremlinHelper\GremlinHelper.csproj", "{526510D1-B005-4B21-AB21-40C6F866755B}"
EndProject
Global
	GlobalSection(SolutionConfigurationPlatforms) = preSolution
		Debug|Any CPU = Debug|Any CPU
		Release|Any CPU = Release|Any CPU
	EndGlobalSection
	GlobalSection(ProjectConfigurationPlatforms) = postSolution
		{2A04A1D5-1CB7-4A3B-B381-E5E0E7E01A83}.Debug|Any CPU.ActiveCfg = Debug|Any CPU
		{2A04A1D5-1CB7-4A3B-B381-E5E0E7E01A83}.Debug|Any CPU.Build.0 = Debug|Any CPU
		{2A04A1D5-1CB7-4A3B-B381-E5E0E7E01A83}.Release|Any CPU.ActiveCfg = Release|Any CPU
		{2A04A1D5-1CB7-4A3B-B381-E5E0E7E01A83}.Release|Any CPU.Build.0 = Release|Any CPU
		{3B80AD76-F26C-46EE-83A2-27CB743C9940}.Debug|Any CPU.ActiveCfg = Debug|Any CPU
		{3B80AD76-F26C-46EE-83A2-27CB743C9940}.Debug|Any CPU.Build.0 = Debug|Any CPU
		{3B80AD76-F26C-46EE-83A2-27CB743C9940}.Release|Any CPU.ActiveCfg = Release|Any CPU
		{3B80AD76-F26C-46EE-83A2-27CB743C9940}.Release|Any CPU.Build.0 = Release|Any CPU
		{E91234C3-16CB-4D63-99FD-B82B78ACEE93}.Debug|Any CPU.ActiveCfg = Debug|Any CPU
		{E91234C3-16CB-4D63-99FD-B82B78ACEE93}.Debug|Any CPU.Build.0 = Debug|Any CPU
		{E91234C3-16CB-4D63-99FD-B82B78ACEE93}.Release|Any CPU.ActiveCfg = Release|Any CPU
		{E91234C3-16CB-4D63-99FD-B82B78ACEE93}.Release|Any CPU.Build.0 = Release|Any CPU
		{526510D1-B005-4B21-AB21-40C6F866755B}.Debug|Any CPU.ActiveCfg = Debug|Any CPU
		{526510D1-B005-4B21-AB21-40C6F866755B}.Debug|Any CPU.Build.0 = Debug|Any CPU
		{526510D1-B005-4B21-AB21-40C6F866755B}.Release|Any CPU.ActiveCfg = Release|Any CPU
		{526510D1-B005-4B21-AB21-40C6F866755B}.Release|Any CPU.Build.0 = Release|Any CPU
	EndGlobalSection
	GlobalSection(SolutionProperties) = preSolution
		HideSolutionNode = FALSE
	EndGlobalSection
	GlobalSection(ExtensibilityGlobals) = postSolution
		SolutionGuid = {17A273B2-4F8B-454E-8084-250730E541E1}
	EndGlobalSection
EndGlobal
